
Microsoft Visual Studio Solution File, Format Version 12.00
# Visual Studio 14
VisualStudioVersion = 14.0.25420.1
MinimumVisualStudioVersion = 10.0.40219.1
Project("{FAE04EC0-301F-11D3-BF4B-00C04F79EFBC}") = "BitTorrent Client", "BitTorrent Client\BitTorrent Client.csproj", "{1DDEB9C9-CDF0-402C-BDA3-BF7C509186AB}"
EndProject
Project("{2150E333-8FDC-42A3-9474-1A3956D46DE8}") = "Solution Items", "Solution Items", "{9620E629-5D55-4E25-809A-A8B382A2AEFC}"
EndProject
Global
	GlobalSection(SolutionConfigurationPlatforms) = preSolution
		Debug|Any CPU = Debug|Any CPU
		Release|Any CPU = Release|Any CPU
	EndGlobalSection
	GlobalSection(ProjectConfigurationPlatforms) = postSolution
		{1DDEB9C9-CDF0-402C-BDA3-BF7C509186AB}.Debug|Any CPU.ActiveCfg = Debug|Any CPU
		{1DDEB9C9-CDF0-402C-BDA3-BF7C509186AB}.Debug|Any CPU.Build.0 = Debug|Any CPU
		{1DDEB9C9-CDF0-402C-BDA3-BF7C509186AB}.Release|Any CPU.ActiveCfg = Release|Any CPU
		{1DDEB9C9-CDF0-402C-BDA3-BF7C509186AB}.Release|Any CPU.Build.0 = Release|Any CPU
	EndGlobalSection
	GlobalSection(SolutionProperties) = preSolution
		HideSolutionNode = FALSE
	EndGlobalSection
EndGlobal
